// !$*UTF8*$!
{
	archiveVersion = 1;
	classes = {
	};
	objectVersion = 46;
	objects = {

/* Begin PBXBuildFile section */
		E89D49991CA44CE200A16242 /* main.m in Sources */ = {isa = PBXBuildFile; fileRef = E89D49981CA44CE200A16242 /* main.m */; };
		E89D499C1CA44CE200A16242 /* AppDelegate.m in Sources */ = {isa = PBXBuildFile; fileRef = E89D499B1CA44CE200A16242 /* AppDelegate.m */; };
		E89D499F1CA44CE200A16242 /* ViewController.m in Sources */ = {isa = PBXBuildFile; fileRef = E89D499E1CA44CE200A16242 /* ViewController.m */; };
		E89D49A21CA44CE200A16242 /* Main.storyboard in Resources */ = {isa = PBXBuildFile; fileRef = E89D49A01CA44CE200A16242 /* Main.storyboard */; };
		E89D49A41CA44CE200A16242 /* Assets.xcassets in Resources */ = {isa = PBXBuildFile; fileRef = E89D49A31CA44CE200A16242 /* Assets.xcassets */; };
		E89D49A71CA44CE200A16242 /* LaunchScreen.storyboard in Resources */ = {isa = PBXBuildFile; fileRef = E89D49A51CA44CE200A16242 /* LaunchScreen.storyboard */; };
		E89D49B21CA44CE200A16242 /* AuthMeTests.m in Sources */ = {isa = PBXBuildFile; fileRef = E89D49B11CA44CE200A16242 /* AuthMeTests.m */; };
		E89D49BD1CA44CE200A16242 /* AuthMeUITests.m in Sources */ = {isa = PBXBuildFile; fileRef = E89D49BC1CA44CE200A16242 /* AuthMeUITests.m */; };
		E89D49CC1CA44ECA00A16242 /* AuthService.m in Sources */ = {isa = PBXBuildFile; fileRef = E89D49CB1CA44ECA00A16242 /* AuthService.m */; };
		E89D49CF1CA44EE000A16242 /* AuthModel.m in Sources */ = {isa = PBXBuildFile; fileRef = E89D49CE1CA44EE000A16242 /* AuthModel.m */; };
		E89D49D21CA4504400A16242 /* AuthResponseError.m in Sources */ = {isa = PBXBuildFile; fileRef = E89D49D11CA4504400A16242 /* AuthResponseError.m */; };
		E89D49D81CA457BF00A16242 /* SerializationUtil.m in Sources */ = {isa = PBXBuildFile; fileRef = E89D49D71CA457BF00A16242 /* SerializationUtil.m */; };
		E89D49DB1CA45F9A00A16242 /* RequestUtil.m in Sources */ = {isa = PBXBuildFile; fileRef = E89D49DA1CA45F9A00A16242 /* RequestUtil.m */; };
		E89D49DE1CA460FB00A16242 /* DateUtil.m in Sources */ = {isa = PBXBuildFile; fileRef = E89D49DD1CA460FB00A16242 /* DateUtil.m */; };
		E89D49E11CA4667200A16242 /* AuthController.m in Sources */ = {isa = PBXBuildFile; fileRef = E89D49E01CA4667200A16242 /* AuthController.m */; };
		E89D49E41CA46F7F00A16242 /* ManageService.m in Sources */ = {isa = PBXBuildFile; fileRef = E89D49E31CA46F7F00A16242 /* ManageService.m */; };
		E89D49EA1CA4783F00A16242 /* ManageResponseError.m in Sources */ = {isa = PBXBuildFile; fileRef = E89D49E91CA4783F00A16242 /* ManageResponseError.m */; };
		E89D49ED1CA478D900A16242 /* ManageModel.m in Sources */ = {isa = PBXBuildFile; fileRef = E89D49EC1CA478D900A16242 /* ManageModel.m */; };
		E89D49F01CA478EE00A16242 /* ManageController.m in Sources */ = {isa = PBXBuildFile; fileRef = E89D49EF1CA478EE00A16242 /* ManageController.m */; };
/* End PBXBuildFile section */

/* Begin PBXContainerItemProxy section */
		E89D49AE1CA44CE200A16242 /* PBXContainerItemProxy */ = {
			isa = PBXContainerItemProxy;
			containerPortal = E89D498C1CA44CE200A16242 /* Project object */;
			proxyType = 1;
			remoteGlobalIDString = E89D49931CA44CE200A16242;
			remoteInfo = AuthMe;
		};
		E89D49B91CA44CE200A16242 /* PBXContainerItemProxy */ = {
			isa = PBXContainerItemProxy;
			containerPortal = E89D498C1CA44CE200A16242 /* Project object */;
			proxyType = 1;
			remoteGlobalIDString = E89D49931CA44CE200A16242;
			remoteInfo = AuthMe;
		};
/* End PBXContainerItemProxy section */

/* Begin PBXFileReference section */
		E89D49941CA44CE200A16242 /* AuthMe.app */ = {isa = PBXFileReference; explicitFileType = wrapper.application; includeInIndex = 0; path = AuthMe.app; sourceTree = BUILT_PRODUCTS_DIR; };
		E89D49981CA44CE200A16242 /* main.m */ = {isa = PBXFileReference; lastKnownFileType = sourcecode.c.objc; path = main.m; sourceTree = "<group>"; };
		E89D499A1CA44CE200A16242 /* AppDelegate.h */ = {isa = PBXFileReference; lastKnownFileType = sourcecode.c.h; path = AppDelegate.h; sourceTree = "<group>"; };
		E89D499B1CA44CE200A16242 /* AppDelegate.m */ = {isa = PBXFileReference; lastKnownFileType = sourcecode.c.objc; path = AppDelegate.m; sourceTree = "<group>"; };
		E89D499D1CA44CE200A16242 /* ViewController.h */ = {isa = PBXFileReference; lastKnownFileType = sourcecode.c.h; path = ViewController.h; sourceTree = "<group>"; };
		E89D499E1CA44CE200A16242 /* ViewController.m */ = {isa = PBXFileReference; lastKnownFileType = sourcecode.c.objc; path = ViewController.m; sourceTree = "<group>"; };
		E89D49A11CA44CE200A16242 /* Base */ = {isa = PBXFileReference; lastKnownFileType = file.storyboard; name = Base; path = Base.lproj/Main.storyboard; sourceTree = "<group>"; };
		E89D49A31CA44CE200A16242 /* Assets.xcassets */ = {isa = PBXFileReference; lastKnownFileType = folder.assetcatalog; path = Assets.xcassets; sourceTree = "<group>"; };
		E89D49A61CA44CE200A16242 /* Base */ = {isa = PBXFileReference; lastKnownFileType = file.storyboard; name = Base; path = Base.lproj/LaunchScreen.storyboard; sourceTree = "<group>"; };
		E89D49A81CA44CE200A16242 /* Info.plist */ = {isa = PBXFileReference; lastKnownFileType = text.plist.xml; path = Info.plist; sourceTree = "<group>"; };
		E89D49AD1CA44CE200A16242 /* AuthMeTests.xctest */ = {isa = PBXFileReference; explicitFileType = wrapper.cfbundle; includeInIndex = 0; path = AuthMeTests.xctest; sourceTree = BUILT_PRODUCTS_DIR; };
		E89D49B11CA44CE200A16242 /* AuthMeTests.m */ = {isa = PBXFileReference; lastKnownFileType = sourcecode.c.objc; path = AuthMeTests.m; sourceTree = "<group>"; };
		E89D49B31CA44CE200A16242 /* Info.plist */ = {isa = PBXFileReference; lastKnownFileType = text.plist.xml; path = Info.plist; sourceTree = "<group>"; };
		E89D49B81CA44CE200A16242 /* AuthMeUITests.xctest */ = {isa = PBXFileReference; explicitFileType = wrapper.cfbundle; includeInIndex = 0; path = AuthMeUITests.xctest; sourceTree = BUILT_PRODUCTS_DIR; };
		E89D49BC1CA44CE200A16242 /* AuthMeUITests.m */ = {isa = PBXFileReference; lastKnownFileType = sourcecode.c.objc; path = AuthMeUITests.m; sourceTree = "<group>"; };
		E89D49BE1CA44CE200A16242 /* Info.plist */ = {isa = PBXFileReference; lastKnownFileType = text.plist.xml; path = Info.plist; sourceTree = "<group>"; };
		E89D49CA1CA44ECA00A16242 /* AuthService.h */ = {isa = PBXFileReference; fileEncoding = 4; lastKnownFileType = sourcecode.c.h; path = AuthService.h; sourceTree = "<group>"; };
		E89D49CB1CA44ECA00A16242 /* AuthService.m */ = {isa = PBXFileReference; fileEncoding = 4; lastKnownFileType = sourcecode.c.objc; path = AuthService.m; sourceTree = "<group>"; };
		E89D49CD1CA44EE000A16242 /* AuthModel.h */ = {isa = PBXFileReference; fileEncoding = 4; lastKnownFileType = sourcecode.c.h; path = AuthModel.h; sourceTree = "<group>"; };
		E89D49CE1CA44EE000A16242 /* AuthModel.m */ = {isa = PBXFileReference; fileEncoding = 4; lastKnownFileType = sourcecode.c.objc; path = AuthModel.m; sourceTree = "<group>"; };
		E89D49D01CA4504400A16242 /* AuthResponseError.h */ = {isa = PBXFileReference; fileEncoding = 4; lastKnownFileType = sourcecode.c.h; path = AuthResponseError.h; sourceTree = "<group>"; };
		E89D49D11CA4504400A16242 /* AuthResponseError.m */ = {isa = PBXFileReference; fileEncoding = 4; lastKnownFileType = sourcecode.c.objc; path = AuthResponseError.m; sourceTree = "<group>"; };
		E89D49D31CA450AA00A16242 /* ResponseError.h */ = {isa = PBXFileReference; fileEncoding = 4; lastKnownFileType = sourcecode.c.h; path = ResponseError.h; sourceTree = "<group>"; };
		E89D49D61CA457BF00A16242 /* SerializationUtil.h */ = {isa = PBXFileReference; fileEncoding = 4; lastKnownFileType = sourcecode.c.h; path = SerializationUtil.h; sourceTree = "<group>"; };
		E89D49D71CA457BF00A16242 /* SerializationUtil.m */ = {isa = PBXFileReference; fileEncoding = 4; lastKnownFileType = sourcecode.c.objc; path = SerializationUtil.m; sourceTree = "<group>"; };
		E89D49D91CA45F9A00A16242 /* RequestUtil.h */ = {isa = PBXFileReference; fileEncoding = 4; lastKnownFileType = sourcecode.c.h; path = RequestUtil.h; sourceTree = "<group>"; };
		E89D49DA1CA45F9A00A16242 /* RequestUtil.m */ = {isa = PBXFileReference; fileEncoding = 4; lastKnownFileType = sourcecode.c.objc; path = RequestUtil.m; sourceTree = "<group>"; };
		E89D49DC1CA460FB00A16242 /* DateUtil.h */ = {isa = PBXFileReference; fileEncoding = 4; lastKnownFileType = sourcecode.c.h; path = DateUtil.h; sourceTree = "<group>"; };
		E89D49DD1CA460FB00A16242 /* DateUtil.m */ = {isa = PBXFileReference; fileEncoding = 4; lastKnownFileType = sourcecode.c.objc; path = DateUtil.m; sourceTree = "<group>"; };
		E89D49DF1CA4667200A16242 /* AuthController.h */ = {isa = PBXFileReference; fileEncoding = 4; lastKnownFileType = sourcecode.c.h; path = AuthController.h; sourceTree = "<group>"; };
		E89D49E01CA4667200A16242 /* AuthController.m */ = {isa = PBXFileReference; fileEncoding = 4; lastKnownFileType = sourcecode.c.objc; path = AuthController.m; sourceTree = "<group>"; };
		E89D49E21CA46F7F00A16242 /* ManageService.h */ = {isa = PBXFileReference; fileEncoding = 4; lastKnownFileType = sourcecode.c.h; path = ManageService.h; sourceTree = "<group>"; };
		E89D49E31CA46F7F00A16242 /* ManageService.m */ = {isa = PBXFileReference; fileEncoding = 4; lastKnownFileType = sourcecode.c.objc; path = ManageService.m; sourceTree = "<group>"; };
		E89D49E81CA4783F00A16242 /* ManageResponseError.h */ = {isa = PBXFileReference; fileEncoding = 4; lastKnownFileType = sourcecode.c.h; path = ManageResponseError.h; sourceTree = "<group>"; };
		E89D49E91CA4783F00A16242 /* ManageResponseError.m */ = {isa = PBXFileReference; fileEncoding = 4; lastKnownFileType = sourcecode.c.objc; path = ManageResponseError.m; sourceTree = "<group>"; };
		E89D49EB1CA478D900A16242 /* ManageModel.h */ = {isa = PBXFileReference; fileEncoding = 4; lastKnownFileType = sourcecode.c.h; path = ManageModel.h; sourceTree = "<group>"; };
		E89D49EC1CA478D900A16242 /* ManageModel.m */ = {isa = PBXFileReference; fileEncoding = 4; lastKnownFileType = sourcecode.c.objc; path = ManageModel.m; sourceTree = "<group>"; };
		E89D49EE1CA478EE00A16242 /* ManageController.h */ = {isa = PBXFileReference; fileEncoding = 4; lastKnownFileType = sourcecode.c.h; path = ManageController.h; sourceTree = "<group>"; };
		E89D49EF1CA478EE00A16242 /* ManageController.m */ = {isa = PBXFileReference; fileEncoding = 4; lastKnownFileType = sourcecode.c.objc; path = ManageController.m; sourceTree = "<group>"; };
/* End PBXFileReference section */

/* Begin PBXFrameworksBuildPhase section */
		E89D49911CA44CE200A16242 /* Frameworks */ = {
			isa = PBXFrameworksBuildPhase;
			buildActionMask = 2147483647;
			files = (
			);
			runOnlyForDeploymentPostprocessing = 0;
		};
		E89D49AA1CA44CE200A16242 /* Frameworks */ = {
			isa = PBXFrameworksBuildPhase;
			buildActionMask = 2147483647;
			files = (
			);
			runOnlyForDeploymentPostprocessing = 0;
		};
		E89D49B51CA44CE200A16242 /* Frameworks */ = {
			isa = PBXFrameworksBuildPhase;
			buildActionMask = 2147483647;
			files = (
			);
			runOnlyForDeploymentPostprocessing = 0;
		};
/* End PBXFrameworksBuildPhase section */

/* Begin PBXGroup section */
		E89D498B1CA44CE200A16242 = {
			isa = PBXGroup;
			children = (
				E89D49961CA44CE200A16242 /* AuthMe */,
				E89D49B01CA44CE200A16242 /* AuthMeTests */,
				E89D49BB1CA44CE200A16242 /* AuthMeUITests */,
				E89D49951CA44CE200A16242 /* Products */,
			);
			sourceTree = "<group>";
		};
		E89D49951CA44CE200A16242 /* Products */ = {
			isa = PBXGroup;
			children = (
				E89D49941CA44CE200A16242 /* AuthMe.app */,
				E89D49AD1CA44CE200A16242 /* AuthMeTests.xctest */,
				E89D49B81CA44CE200A16242 /* AuthMeUITests.xctest */,
			);
			name = Products;
			sourceTree = "<group>";
		};
		E89D49961CA44CE200A16242 /* AuthMe */ = {
			isa = PBXGroup;
			children = (
				E89D499A1CA44CE200A16242 /* AppDelegate.h */,
				E89D499B1CA44CE200A16242 /* AppDelegate.m */,
				E89D499D1CA44CE200A16242 /* ViewController.h */,
				E89D499E1CA44CE200A16242 /* ViewController.m */,
				E89D49E51CA4736D00A16242 /* Authentication */,
				E89D49E71CA473A000A16242 /* Management */,
				E89D49E61CA4739600A16242 /* Util */,
				E89D49A01CA44CE200A16242 /* Main.storyboard */,
				E89D49A31CA44CE200A16242 /* Assets.xcassets */,
				E89D49A51CA44CE200A16242 /* LaunchScreen.storyboard */,
				E89D49A81CA44CE200A16242 /* Info.plist */,
				E89D49971CA44CE200A16242 /* Supporting Files */,
			);
			path = AuthMe;
			sourceTree = "<group>";
		};
		E89D49971CA44CE200A16242 /* Supporting Files */ = {
			isa = PBXGroup;
			children = (
				E89D49981CA44CE200A16242 /* main.m */,
			);
			name = "Supporting Files";
			sourceTree = "<group>";
		};
		E89D49B01CA44CE200A16242 /* AuthMeTests */ = {
			isa = PBXGroup;
			children = (
				E89D49B11CA44CE200A16242 /* AuthMeTests.m */,
				E89D49B31CA44CE200A16242 /* Info.plist */,
			);
			path = AuthMeTests;
			sourceTree = "<group>";
		};
		E89D49BB1CA44CE200A16242 /* AuthMeUITests */ = {
			isa = PBXGroup;
			children = (
				E89D49BC1CA44CE200A16242 /* AuthMeUITests.m */,
				E89D49BE1CA44CE200A16242 /* Info.plist */,
			);
			path = AuthMeUITests;
			sourceTree = "<group>";
		};
		E89D49E51CA4736D00A16242 /* Authentication */ = {
			isa = PBXGroup;
			children = (
				E89D49DF1CA4667200A16242 /* AuthController.h */,
				E89D49E01CA4667200A16242 /* AuthController.m */,
				E89D49CD1CA44EE000A16242 /* AuthModel.h */,
				E89D49CE1CA44EE000A16242 /* AuthModel.m */,
				E89D49CA1CA44ECA00A16242 /* AuthService.h */,
				E89D49CB1CA44ECA00A16242 /* AuthService.m */,
				E89D49D01CA4504400A16242 /* AuthResponseError.h */,
				E89D49D11CA4504400A16242 /* AuthResponseError.m */,
			);
			name = Authentication;
			sourceTree = "<group>";
		};
		E89D49E61CA4739600A16242 /* Util */ = {
			isa = PBXGroup;
			children = (
				E89D49DC1CA460FB00A16242 /* DateUtil.h */,
				E89D49DD1CA460FB00A16242 /* DateUtil.m */,
				E89D49D31CA450AA00A16242 /* ResponseError.h */,
				E89D49D91CA45F9A00A16242 /* RequestUtil.h */,
				E89D49DA1CA45F9A00A16242 /* RequestUtil.m */,
				E89D49D61CA457BF00A16242 /* SerializationUtil.h */,
				E89D49D71CA457BF00A16242 /* SerializationUtil.m */,
			);
			name = Util;
			sourceTree = "<group>";
		};
		E89D49E71CA473A000A16242 /* Management */ = {
			isa = PBXGroup;
			children = (
				E89D49EE1CA478EE00A16242 /* ManageController.h */,
				E89D49EF1CA478EE00A16242 /* ManageController.m */,
				E89D49EB1CA478D900A16242 /* ManageModel.h */,
				E89D49EC1CA478D900A16242 /* ManageModel.m */,
				E89D49E21CA46F7F00A16242 /* ManageService.h */,
				E89D49E31CA46F7F00A16242 /* ManageService.m */,
				E89D49E81CA4783F00A16242 /* ManageResponseError.h */,
				E89D49E91CA4783F00A16242 /* ManageResponseError.m */,
			);
			name = Management;
			sourceTree = "<group>";
		};
/* End PBXGroup section */

/* Begin PBXNativeTarget section */
		E89D49931CA44CE200A16242 /* AuthMe */ = {
			isa = PBXNativeTarget;
			buildConfigurationList = E89D49C11CA44CE200A16242 /* Build configuration list for PBXNativeTarget "AuthMe" */;
			buildPhases = (
				E89D49901CA44CE200A16242 /* Sources */,
				E89D49911CA44CE200A16242 /* Frameworks */,
				E89D49921CA44CE200A16242 /* Resources */,
			);
			buildRules = (
			);
			dependencies = (
			);
			name = AuthMe;
			productName = AuthMe;
			productReference = E89D49941CA44CE200A16242 /* AuthMe.app */;
			productType = "com.apple.product-type.application";
		};
		E89D49AC1CA44CE200A16242 /* AuthMeTests */ = {
			isa = PBXNativeTarget;
			buildConfigurationList = E89D49C41CA44CE200A16242 /* Build configuration list for PBXNativeTarget "AuthMeTests" */;
			buildPhases = (
				E89D49A91CA44CE200A16242 /* Sources */,
				E89D49AA1CA44CE200A16242 /* Frameworks */,
				E89D49AB1CA44CE200A16242 /* Resources */,
			);
			buildRules = (
			);
			dependencies = (
				E89D49AF1CA44CE200A16242 /* PBXTargetDependency */,
			);
			name = AuthMeTests;
			productName = AuthMeTests;
			productReference = E89D49AD1CA44CE200A16242 /* AuthMeTests.xctest */;
			productType = "com.apple.product-type.bundle.unit-test";
		};
		E89D49B71CA44CE200A16242 /* AuthMeUITests */ = {
			isa = PBXNativeTarget;
			buildConfigurationList = E89D49C71CA44CE200A16242 /* Build configuration list for PBXNativeTarget "AuthMeUITests" */;
			buildPhases = (
				E89D49B41CA44CE200A16242 /* Sources */,
				E89D49B51CA44CE200A16242 /* Frameworks */,
				E89D49B61CA44CE200A16242 /* Resources */,
			);
			buildRules = (
			);
			dependencies = (
				E89D49BA1CA44CE200A16242 /* PBXTargetDependency */,
			);
			name = AuthMeUITests;
			productName = AuthMeUITests;
			productReference = E89D49B81CA44CE200A16242 /* AuthMeUITests.xctest */;
			productType = "com.apple.product-type.bundle.ui-testing";
		};
/* End PBXNativeTarget section */

/* Begin PBXProject section */
		E89D498C1CA44CE200A16242 /* Project object */ = {
			isa = PBXProject;
			attributes = {
				LastUpgradeCheck = 0720;
				ORGANIZATIONNAME = ErikaBueno;
				TargetAttributes = {
					E89D49931CA44CE200A16242 = {
						CreatedOnToolsVersion = 7.2;
					};
					E89D49AC1CA44CE200A16242 = {
						CreatedOnToolsVersion = 7.2;
						TestTargetID = E89D49931CA44CE200A16242;
					};
					E89D49B71CA44CE200A16242 = {
						CreatedOnToolsVersion = 7.2;
						TestTargetID = E89D49931CA44CE200A16242;
					};
				};
			};
			buildConfigurationList = E89D498F1CA44CE200A16242 /* Build configuration list for PBXProject "AuthMe" */;
			compatibilityVersion = "Xcode 3.2";
			developmentRegion = English;
			hasScannedForEncodings = 0;
			knownRegions = (
				en,
				Base,
			);
			mainGroup = E89D498B1CA44CE200A16242;
			productRefGroup = E89D49951CA44CE200A16242 /* Products */;
			projectDirPath = "";
			projectRoot = "";
			targets = (
				E89D49931CA44CE200A16242 /* AuthMe */,
				E89D49AC1CA44CE200A16242 /* AuthMeTests */,
				E89D49B71CA44CE200A16242 /* AuthMeUITests */,
			);
		};
/* End PBXProject section */

/* Begin PBXResourcesBuildPhase section */
		E89D49921CA44CE200A16242 /* Resources */ = {
			isa = PBXResourcesBuildPhase;
			buildActionMask = 2147483647;
			files = (
				E89D49A71CA44CE200A16242 /* LaunchScreen.storyboard in Resources */,
				E89D49A41CA44CE200A16242 /* Assets.xcassets in Resources */,
				E89D49A21CA44CE200A16242 /* Main.storyboard in Resources */,
			);
			runOnlyForDeploymentPostprocessing = 0;
		};
		E89D49AB1CA44CE200A16242 /* Resources */ = {
			isa = PBXResourcesBuildPhase;
			buildActionMask = 2147483647;
			files = (
			);
			runOnlyForDeploymentPostprocessing = 0;
		};
		E89D49B61CA44CE200A16242 /* Resources */ = {
			isa = PBXResourcesBuildPhase;
			buildActionMask = 2147483647;
			files = (
			);
			runOnlyForDeploymentPostprocessing = 0;
		};
/* End PBXResourcesBuildPhase section */

/* Begin PBXSourcesBuildPhase section */
		E89D49901CA44CE200A16242 /* Sources */ = {
			isa = PBXSourcesBuildPhase;
			buildActionMask = 2147483647;
			files = (
				E89D49E41CA46F7F00A16242 /* ManageService.m in Sources */,
				E89D499F1CA44CE200A16242 /* ViewController.m in Sources */,
				E89D49D81CA457BF00A16242 /* SerializationUtil.m in Sources */,
				E89D499C1CA44CE200A16242 /* AppDelegate.m in Sources */,
				E89D49991CA44CE200A16242 /* main.m in Sources */,
				E89D49CC1CA44ECA00A16242 /* AuthService.m in Sources */,
				E89D49EA1CA4783F00A16242 /* ManageResponseError.m in Sources */,
				E89D49E11CA4667200A16242 /* AuthController.m in Sources */,
				E89D49F01CA478EE00A16242 /* ManageController.m in Sources */,
				E89D49CF1CA44EE000A16242 /* AuthModel.m in Sources */,
				E89D49DE1CA460FB00A16242 /* DateUtil.m in Sources */,
				E89D49ED1CA478D900A16242 /* ManageModel.m in Sources */,
				E89D49D21CA4504400A16242 /* AuthResponseError.m in Sources */,
				E89D49DB1CA45F9A00A16242 /* RequestUtil.m in Sources */,
			);
			runOnlyForDeploymentPostprocessing = 0;
		};
		E89D49A91CA44CE200A16242 /* Sources */ = {
			isa = PBXSourcesBuildPhase;
			buildActionMask = 2147483647;
			files = (
				E89D49B21CA44CE200A16242 /* AuthMeTests.m in Sources */,
			);
			runOnlyForDeploymentPostprocessing = 0;
		};
		E89D49B41CA44CE200A16242 /* Sources */ = {
			isa = PBXSourcesBuildPhase;
			buildActionMask = 2147483647;
			files = (
				E89D49BD1CA44CE200A16242 /* AuthMeUITests.m in Sources */,
			);
			runOnlyForDeploymentPostprocessing = 0;
		};
/* End PBXSourcesBuildPhase section */

/* Begin PBXTargetDependency section */
		E89D49AF1CA44CE200A16242 /* PBXTargetDependency */ = {
			isa = PBXTargetDependency;
			target = E89D49931CA44CE200A16242 /* AuthMe */;
			targetProxy = E89D49AE1CA44CE200A16242 /* PBXContainerItemProxy */;
		};
		E89D49BA1CA44CE200A16242 /* PBXTargetDependency */ = {
			isa = PBXTargetDependency;
			target = E89D49931CA44CE200A16242 /* AuthMe */;
			targetProxy = E89D49B91CA44CE200A16242 /* PBXContainerItemProxy */;
		};
/* End PBXTargetDependency section */

/* Begin PBXVariantGroup section */
		E89D49A01CA44CE200A16242 /* Main.storyboard */ = {
			isa = PBXVariantGroup;
			children = (
				E89D49A11CA44CE200A16242 /* Base */,
			);
			name = Main.storyboard;
			sourceTree = "<group>";
		};
		E89D49A51CA44CE200A16242 /* LaunchScreen.storyboard */ = {
			isa = PBXVariantGroup;
			children = (
				E89D49A61CA44CE200A16242 /* Base */,
			);
			name = LaunchScreen.storyboard;
			sourceTree = "<group>";
		};
/* End PBXVariantGroup section */

/* Begin XCBuildConfiguration section */
		E89D49BF1CA44CE200A16242 /* Debug */ = {
			isa = XCBuildConfiguration;
			buildSettings = {
				ALWAYS_SEARCH_USER_PATHS = NO;
				CLANG_CXX_LANGUAGE_STANDARD = "gnu++0x";
				CLANG_CXX_LIBRARY = "libc++";
				CLANG_ENABLE_MODULES = YES;
				CLANG_ENABLE_OBJC_ARC = YES;
				CLANG_WARN_BOOL_CONVERSION = YES;
				CLANG_WARN_CONSTANT_CONVERSION = YES;
				CLANG_WARN_DIRECT_OBJC_ISA_USAGE = YES_ERROR;
				CLANG_WARN_EMPTY_BODY = YES;
				CLANG_WARN_ENUM_CONVERSION = YES;
				CLANG_WARN_INT_CONVERSION = YES;
				CLANG_WARN_OBJC_ROOT_CLASS = YES_ERROR;
				CLANG_WARN_UNREACHABLE_CODE = YES;
				CLANG_WARN__DUPLICATE_METHOD_MATCH = YES;
				"CODE_SIGN_IDENTITY[sdk=iphoneos*]" = "iPhone Developer";
				COPY_PHASE_STRIP = NO;
				DEBUG_INFORMATION_FORMAT = dwarf;
				ENABLE_STRICT_OBJC_MSGSEND = YES;
				ENABLE_TESTABILITY = YES;
				GCC_C_LANGUAGE_STANDARD = gnu99;
				GCC_DYNAMIC_NO_PIC = NO;
				GCC_NO_COMMON_BLOCKS = YES;
				GCC_OPTIMIZATION_LEVEL = 0;
				GCC_PREPROCESSOR_DEFINITIONS = (
					"DEBUG=1",
					"$(inherited)",
				);
				GCC_WARN_64_TO_32_BIT_CONVERSION = YES;
				GCC_WARN_ABOUT_RETURN_TYPE = YES_ERROR;
				GCC_WARN_UNDECLARED_SELECTOR = YES;
				GCC_WARN_UNINITIALIZED_AUTOS = YES_AGGRESSIVE;
				GCC_WARN_UNUSED_FUNCTION = YES;
				GCC_WARN_UNUSED_VARIABLE = YES;
				IPHONEOS_DEPLOYMENT_TARGET = 9.2;
				MTL_ENABLE_DEBUG_INFO = YES;
				ONLY_ACTIVE_ARCH = YES;
				SDKROOT = iphoneos;
			};
			name = Debug;
		};
		E89D49C01CA44CE200A16242 /* Release */ = {
			isa = XCBuildConfiguration;
			buildSettings = {
				ALWAYS_SEARCH_USER_PATHS = NO;
				CLANG_CXX_LANGUAGE_STANDARD = "gnu++0x";
				CLANG_CXX_LIBRARY = "libc++";
				CLANG_ENABLE_MODULES = YES;
				CLANG_ENABLE_OBJC_ARC = YES;
				CLANG_WARN_BOOL_CONVERSION = YES;
				CLANG_WARN_CONSTANT_CONVERSION = YES;
				CLANG_WARN_DIRECT_OBJC_ISA_USAGE = YES_ERROR;
				CLANG_WARN_EMPTY_BODY = YES;
				CLANG_WARN_ENUM_CONVERSION = YES;
				CLANG_WARN_INT_CONVERSION = YES;
				CLANG_WARN_OBJC_ROOT_CLASS = YES_ERROR;
				CLANG_WARN_UNREACHABLE_CODE = YES;
				CLANG_WARN__DUPLICATE_METHOD_MATCH = YES;
				"CODE_SIGN_IDENTITY[sdk=iphoneos*]" = "iPhone Developer";
				COPY_PHASE_STRIP = NO;
				DEBUG_INFORMATION_FORMAT = "dwarf-with-dsym";
				ENABLE_NS_ASSERTIONS = NO;
				ENABLE_STRICT_OBJC_MSGSEND = YES;
				GCC_C_LANGUAGE_STANDARD = gnu99;
				GCC_NO_COMMON_BLOCKS = YES;
				GCC_WARN_64_TO_32_BIT_CONVERSION = YES;
				GCC_WARN_ABOUT_RETURN_TYPE = YES_ERROR;
				GCC_WARN_UNDECLARED_SELECTOR = YES;
				GCC_WARN_UNINITIALIZED_AUTOS = YES_AGGRESSIVE;
				GCC_WARN_UNUSED_FUNCTION = YES;
				GCC_WARN_UNUSED_VARIABLE = YES;
				IPHONEOS_DEPLOYMENT_TARGET = 9.2;
				MTL_ENABLE_DEBUG_INFO = NO;
				SDKROOT = iphoneos;
				VALIDATE_PRODUCT = YES;
			};
			name = Release;
		};
		E89D49C21CA44CE200A16242 /* Debug */ = {
			isa = XCBuildConfiguration;
			buildSettings = {
				ASSETCATALOG_COMPILER_APPICON_NAME = AppIcon;
				INFOPLIST_FILE = AuthMe/Info.plist;
				LD_RUNPATH_SEARCH_PATHS = "$(inherited) @executable_path/Frameworks";
				PRODUCT_BUNDLE_IDENTIFIER = com.ErikaBueno.AuthMe;
				PRODUCT_NAME = "$(TARGET_NAME)";
			};
			name = Debug;
		};
		E89D49C31CA44CE200A16242 /* Release */ = {
			isa = XCBuildConfiguration;
			buildSettings = {
				ASSETCATALOG_COMPILER_APPICON_NAME = AppIcon;
				INFOPLIST_FILE = AuthMe/Info.plist;
				LD_RUNPATH_SEARCH_PATHS = "$(inherited) @executable_path/Frameworks";
				PRODUCT_BUNDLE_IDENTIFIER = com.ErikaBueno.AuthMe;
				PRODUCT_NAME = "$(TARGET_NAME)";
			};
			name = Release;
		};
		E89D49C51CA44CE200A16242 /* Debug */ = {
			isa = XCBuildConfiguration;
			buildSettings = {
				BUNDLE_LOADER = "$(TEST_HOST)";
				INFOPLIST_FILE = AuthMeTests/Info.plist;
				LD_RUNPATH_SEARCH_PATHS = "$(inherited) @executable_path/Frameworks @loader_path/Frameworks";
				PRODUCT_BUNDLE_IDENTIFIER = com.ErikaBueno.AuthMeTests;
				PRODUCT_NAME = "$(TARGET_NAME)";
				TEST_HOST = "$(BUILT_PRODUCTS_DIR)/AuthMe.app/AuthMe";
			};
			name = Debug;
		};
		E89D49C61CA44CE200A16242 /* Release */ = {
			isa = XCBuildConfiguration;
			buildSettings = {
				BUNDLE_LOADER = "$(TEST_HOST)";
				INFOPLIST_FILE = AuthMeTests/Info.plist;
				LD_RUNPATH_SEARCH_PATHS = "$(inherited) @executable_path/Frameworks @loader_path/Frameworks";
				PRODUCT_BUNDLE_IDENTIFIER = com.ErikaBueno.AuthMeTests;
				PRODUCT_NAME = "$(TARGET_NAME)";
				TEST_HOST = "$(BUILT_PRODUCTS_DIR)/AuthMe.app/AuthMe";
			};
			name = Release;
		};
		E89D49C81CA44CE200A16242 /* Debug */ = {
			isa = XCBuildConfiguration;
			buildSettings = {
				INFOPLIST_FILE = AuthMeUITests/Info.plist;
				LD_RUNPATH_SEARCH_PATHS = "$(inherited) @executable_path/Frameworks @loader_path/Frameworks";
				PRODUCT_BUNDLE_IDENTIFIER = com.ErikaBueno.AuthMeUITests;
				PRODUCT_NAME = "$(TARGET_NAME)";
				TEST_TARGET_NAME = AuthMe;
				USES_XCTRUNNER = YES;
			};
			name = Debug;
		};
		E89D49C91CA44CE200A16242 /* Release */ = {
			isa = XCBuildConfiguration;
			buildSettings = {
				INFOPLIST_FILE = AuthMeUITests/Info.plist;
				LD_RUNPATH_SEARCH_PATHS = "$(inherited) @executable_path/Frameworks @loader_path/Frameworks";
				PRODUCT_BUNDLE_IDENTIFIER = com.ErikaBueno.AuthMeUITests;
				PRODUCT_NAME = "$(TARGET_NAME)";
				TEST_TARGET_NAME = AuthMe;
				USES_XCTRUNNER = YES;
			};
			name = Release;
		};
/* End XCBuildConfiguration section */

/* Begin XCConfigurationList section */
		E89D498F1CA44CE200A16242 /* Build configuration list for PBXProject "AuthMe" */ = {
			isa = XCConfigurationList;
			buildConfigurations = (
				E89D49BF1CA44CE200A16242 /* Debug */,
				E89D49C01CA44CE200A16242 /* Release */,
			);
			defaultConfigurationIsVisible = 0;
			defaultConfigurationName = Release;
		};
		E89D49C11CA44CE200A16242 /* Build configuration list for PBXNativeTarget "AuthMe" */ = {
			isa = XCConfigurationList;
			buildConfigurations = (
				E89D49C21CA44CE200A16242 /* Debug */,
				E89D49C31CA44CE200A16242 /* Release */,
			);
			defaultConfigurationIsVisible = 0;
		};
		E89D49C41CA44CE200A16242 /* Build configuration list for PBXNativeTarget "AuthMeTests" */ = {
			isa = XCConfigurationList;
			buildConfigurations = (
				E89D49C51CA44CE200A16242 /* Debug */,
				E89D49C61CA44CE200A16242 /* Release */,
			);
			defaultConfigurationIsVisible = 0;
		};
		E89D49C71CA44CE200A16242 /* Build configuration list for PBXNativeTarget "AuthMeUITests" */ = {
			isa = XCConfigurationList;
			buildConfigurations = (
				E89D49C81CA44CE200A16242 /* Debug */,
				E89D49C91CA44CE200A16242 /* Release */,
			);
			defaultConfigurationIsVisible = 0;
		};
/* End XCConfigurationList section */
	};
	rootObject = E89D498C1CA44CE200A16242 /* Project object */;
}
